// !$*UTF8*$!
{
	archiveVersion = 1;
	classes = {
	};
	objectVersion = 50;
	objects = {

/* Begin PBXBuildFile section */
		0E33B42320847645004CD13A /* AppDelegate.swift in Sources */ = {isa = PBXBuildFile; fileRef = 0E33B42220847645004CD13A /* AppDelegate.swift */; };
		0E33B42520847645004CD13A /* LoginViewController.swift in Sources */ = {isa = PBXBuildFile; fileRef = 0E33B42420847645004CD13A /* LoginViewController.swift */; };
		0E33B42820847645004CD13A /* Main.storyboard in Resources */ = {isa = PBXBuildFile; fileRef = 0E33B42620847645004CD13A /* Main.storyboard */; };
		0E33B42A20847646004CD13A /* Assets.xcassets in Resources */ = {isa = PBXBuildFile; fileRef = 0E33B42920847646004CD13A /* Assets.xcassets */; };
		0E33B42D20847646004CD13A /* LaunchScreen.storyboard in Resources */ = {isa = PBXBuildFile; fileRef = 0E33B42B20847646004CD13A /* LaunchScreen.storyboard */; };
		0E33B43820847646004CD13A /* MBTechnicalChallengeTests.swift in Sources */ = {isa = PBXBuildFile; fileRef = 0E33B43720847646004CD13A /* MBTechnicalChallengeTests.swift */; };
		0E33B44320847646004CD13A /* MBTechnicalChallengeUITests.swift in Sources */ = {isa = PBXBuildFile; fileRef = 0E33B44220847646004CD13A /* MBTechnicalChallengeUITests.swift */; };
		0EDB889F20847CF6009836DF /* ProductsViewController.swift in Sources */ = {isa = PBXBuildFile; fileRef = 0EDB889E20847CF6009836DF /* ProductsViewController.swift */; };
		0EDB88A420848067009836DF /* UserInformation.swift in Sources */ = {isa = PBXBuildFile; fileRef = 0EDB88A320848067009836DF /* UserInformation.swift */; };
		0EDB88A6208480A2009836DF /* User.swift in Sources */ = {isa = PBXBuildFile; fileRef = 0EDB88A5208480A2009836DF /* User.swift */; };
		0EDB88A8208480B3009836DF /* Session.swift in Sources */ = {isa = PBXBuildFile; fileRef = 0EDB88A7208480B3009836DF /* Session.swift */; };
		0EDB88AB20848158009836DF /* Extensions.swift in Sources */ = {isa = PBXBuildFile; fileRef = 0EDB88AA20848158009836DF /* Extensions.swift */; };
		0EDB88AD208482C7009836DF /* InvestorProducts.swift in Sources */ = {isa = PBXBuildFile; fileRef = 0EDB88AC208482C7009836DF /* InvestorProducts.swift */; };
		0EDB88AF20848309009836DF /* ProductElement.swift in Sources */ = {isa = PBXBuildFile; fileRef = 0EDB88AE20848309009836DF /* ProductElement.swift */; };
		0EDB88B120848324009836DF /* ProductDetails.swift in Sources */ = {isa = PBXBuildFile; fileRef = 0EDB88B020848324009836DF /* ProductDetails.swift */; };
		0EDB88B3208483CE009836DF /* JSONNull.swift in Sources */ = {isa = PBXBuildFile; fileRef = 0EDB88B2208483CE009836DF /* JSONNull.swift */; };
		0EDB88B5208483F2009836DF /* JSONCodingKey.swift in Sources */ = {isa = PBXBuildFile; fileRef = 0EDB88B4208483F2009836DF /* JSONCodingKey.swift */; };
		0EDB88B720848417009836DF /* JSONAny.swift in Sources */ = {isa = PBXBuildFile; fileRef = 0EDB88B620848417009836DF /* JSONAny.swift */; };
		0EDB88BE20848A36009836DF /* InvestorProductCell.swift in Sources */ = {isa = PBXBuildFile; fileRef = 0EDB88BC20848A36009836DF /* InvestorProductCell.swift */; };
		0EDB88BF20848A36009836DF /* InvestorProductCell.xib in Resources */ = {isa = PBXBuildFile; fileRef = 0EDB88BD20848A36009836DF /* InvestorProductCell.xib */; };
		0EDB88C4208490BF009836DF /* MBClient.swift in Sources */ = {isa = PBXBuildFile; fileRef = 0EDB88C3208490BF009836DF /* MBClient.swift */; };
		0EDB88C6208490D4009836DF /* MBConstants.swift in Sources */ = {isa = PBXBuildFile; fileRef = 0EDB88C5208490D4009836DF /* MBConstants.swift */; };
		0EDB88C8208490E2009836DF /* MBRouter.swift in Sources */ = {isa = PBXBuildFile; fileRef = 0EDB88C7208490E2009836DF /* MBRouter.swift */; };
		0EDB88CA2084C585009836DF /* MBConfiguration.swift in Sources */ = {isa = PBXBuildFile; fileRef = 0EDB88C92084C585009836DF /* MBConfiguration.swift */; };
		0EDB88D02084E803009836DF /* Moneybox.swift in Sources */ = {isa = PBXBuildFile; fileRef = 0EDB88CF2084E803009836DF /* Moneybox.swift */; };
		753F3D52AA222B1F3E012AE9 /* Pods_MBTechnicalChallengeUITests.framework in Frameworks */ = {isa = PBXBuildFile; fileRef = FB553454701E449F140C971C /* Pods_MBTechnicalChallengeUITests.framework */; };
		9DF64016DF544C16C34CA5D1 /* Pods_MBTechnicalChallenge.framework in Frameworks */ = {isa = PBXBuildFile; fileRef = 4F584796FB206BC028416628 /* Pods_MBTechnicalChallenge.framework */; };
		E8FC3616D362642AF2E156D5 /* Pods_MBTechnicalChallengeTests.framework in Frameworks */ = {isa = PBXBuildFile; fileRef = 080ECDA0AD9EB9E9A2A89E7F /* Pods_MBTechnicalChallengeTests.framework */; };
/* End PBXBuildFile section */

/* Begin PBXContainerItemProxy section */
		0E33B43420847646004CD13A /* PBXContainerItemProxy */ = {
			isa = PBXContainerItemProxy;
			containerPortal = 0E33B41720847645004CD13A /* Project object */;
			proxyType = 1;
			remoteGlobalIDString = 0E33B41E20847645004CD13A;
			remoteInfo = MBTechnicalChallenge;
		};
		0E33B43F20847646004CD13A /* PBXContainerItemProxy */ = {
			isa = PBXContainerItemProxy;
			containerPortal = 0E33B41720847645004CD13A /* Project object */;
			proxyType = 1;
			remoteGlobalIDString = 0E33B41E20847645004CD13A;
			remoteInfo = MBTechnicalChallenge;
		};
/* End PBXContainerItemProxy section */

/* Begin PBXFileReference section */
		080ECDA0AD9EB9E9A2A89E7F /* Pods_MBTechnicalChallengeTests.framework */ = {isa = PBXFileReference; explicitFileType = wrapper.framework; includeInIndex = 0; path = Pods_MBTechnicalChallengeTests.framework; sourceTree = BUILT_PRODUCTS_DIR; };
		0E33B41F20847645004CD13A /* MBTechnicalChallenge.app */ = {isa = PBXFileReference; explicitFileType = wrapper.application; includeInIndex = 0; path = MBTechnicalChallenge.app; sourceTree = BUILT_PRODUCTS_DIR; };
		0E33B42220847645004CD13A /* AppDelegate.swift */ = {isa = PBXFileReference; lastKnownFileType = sourcecode.swift; path = AppDelegate.swift; sourceTree = "<group>"; };
		0E33B42420847645004CD13A /* LoginViewController.swift */ = {isa = PBXFileReference; lastKnownFileType = sourcecode.swift; path = LoginViewController.swift; sourceTree = "<group>"; };
		0E33B42720847645004CD13A /* Base */ = {isa = PBXFileReference; lastKnownFileType = file.storyboard; name = Base; path = Base.lproj/Main.storyboard; sourceTree = "<group>"; };
		0E33B42920847646004CD13A /* Assets.xcassets */ = {isa = PBXFileReference; lastKnownFileType = folder.assetcatalog; path = Assets.xcassets; sourceTree = "<group>"; };
		0E33B42C20847646004CD13A /* Base */ = {isa = PBXFileReference; lastKnownFileType = file.storyboard; name = Base; path = Base.lproj/LaunchScreen.storyboard; sourceTree = "<group>"; };
		0E33B42E20847646004CD13A /* Info.plist */ = {isa = PBXFileReference; lastKnownFileType = text.plist.xml; path = Info.plist; sourceTree = "<group>"; };
		0E33B43320847646004CD13A /* MBTechnicalChallengeTests.xctest */ = {isa = PBXFileReference; explicitFileType = wrapper.cfbundle; includeInIndex = 0; path = MBTechnicalChallengeTests.xctest; sourceTree = BUILT_PRODUCTS_DIR; };
		0E33B43720847646004CD13A /* MBTechnicalChallengeTests.swift */ = {isa = PBXFileReference; lastKnownFileType = sourcecode.swift; path = MBTechnicalChallengeTests.swift; sourceTree = "<group>"; };
		0E33B43920847646004CD13A /* Info.plist */ = {isa = PBXFileReference; lastKnownFileType = text.plist.xml; path = Info.plist; sourceTree = "<group>"; };
		0E33B43E20847646004CD13A /* MBTechnicalChallengeUITests.xctest */ = {isa = PBXFileReference; explicitFileType = wrapper.cfbundle; includeInIndex = 0; path = MBTechnicalChallengeUITests.xctest; sourceTree = BUILT_PRODUCTS_DIR; };
		0E33B44220847646004CD13A /* MBTechnicalChallengeUITests.swift */ = {isa = PBXFileReference; lastKnownFileType = sourcecode.swift; path = MBTechnicalChallengeUITests.swift; sourceTree = "<group>"; };
		0E33B44420847646004CD13A /* Info.plist */ = {isa = PBXFileReference; lastKnownFileType = text.plist.xml; path = Info.plist; sourceTree = "<group>"; };
		0EDB889E20847CF6009836DF /* ProductsViewController.swift */ = {isa = PBXFileReference; lastKnownFileType = sourcecode.swift; path = ProductsViewController.swift; sourceTree = "<group>"; };
		0EDB88A320848067009836DF /* UserInformation.swift */ = {isa = PBXFileReference; lastKnownFileType = sourcecode.swift; path = UserInformation.swift; sourceTree = "<group>"; };
		0EDB88A5208480A2009836DF /* User.swift */ = {isa = PBXFileReference; lastKnownFileType = sourcecode.swift; path = User.swift; sourceTree = "<group>"; };
		0EDB88A7208480B3009836DF /* Session.swift */ = {isa = PBXFileReference; lastKnownFileType = sourcecode.swift; path = Session.swift; sourceTree = "<group>"; };
		0EDB88AA20848158009836DF /* Extensions.swift */ = {isa = PBXFileReference; lastKnownFileType = sourcecode.swift; path = Extensions.swift; sourceTree = "<group>"; };
		0EDB88AC208482C7009836DF /* InvestorProducts.swift */ = {isa = PBXFileReference; lastKnownFileType = sourcecode.swift; path = InvestorProducts.swift; sourceTree = "<group>"; };
		0EDB88AE20848309009836DF /* ProductElement.swift */ = {isa = PBXFileReference; lastKnownFileType = sourcecode.swift; path = ProductElement.swift; sourceTree = "<group>"; };
		0EDB88B020848324009836DF /* ProductDetails.swift */ = {isa = PBXFileReference; lastKnownFileType = sourcecode.swift; path = ProductDetails.swift; sourceTree = "<group>"; };
		0EDB88B2208483CE009836DF /* JSONNull.swift */ = {isa = PBXFileReference; lastKnownFileType = sourcecode.swift; path = JSONNull.swift; sourceTree = "<group>"; };
		0EDB88B4208483F2009836DF /* JSONCodingKey.swift */ = {isa = PBXFileReference; lastKnownFileType = sourcecode.swift; path = JSONCodingKey.swift; sourceTree = "<group>"; };
		0EDB88B620848417009836DF /* JSONAny.swift */ = {isa = PBXFileReference; lastKnownFileType = sourcecode.swift; path = JSONAny.swift; sourceTree = "<group>"; };
		0EDB88BC20848A36009836DF /* InvestorProductCell.swift */ = {isa = PBXFileReference; lastKnownFileType = sourcecode.swift; path = InvestorProductCell.swift; sourceTree = "<group>"; };
		0EDB88BD20848A36009836DF /* InvestorProductCell.xib */ = {isa = PBXFileReference; lastKnownFileType = file.xib; path = InvestorProductCell.xib; sourceTree = "<group>"; };
		0EDB88C3208490BF009836DF /* MBClient.swift */ = {isa = PBXFileReference; lastKnownFileType = sourcecode.swift; path = MBClient.swift; sourceTree = "<group>"; };
		0EDB88C5208490D4009836DF /* MBConstants.swift */ = {isa = PBXFileReference; lastKnownFileType = sourcecode.swift; path = MBConstants.swift; sourceTree = "<group>"; };
		0EDB88C7208490E2009836DF /* MBRouter.swift */ = {isa = PBXFileReference; lastKnownFileType = sourcecode.swift; path = MBRouter.swift; sourceTree = "<group>"; };
		0EDB88C92084C585009836DF /* MBConfiguration.swift */ = {isa = PBXFileReference; lastKnownFileType = sourcecode.swift; path = MBConfiguration.swift; sourceTree = "<group>"; };
		0EDB88CF2084E803009836DF /* Moneybox.swift */ = {isa = PBXFileReference; lastKnownFileType = sourcecode.swift; path = Moneybox.swift; sourceTree = "<group>"; };
		33EEDE2570420F4AC7B1D84D /* Pods-MBTechnicalChallengeTests.release.xcconfig */ = {isa = PBXFileReference; includeInIndex = 1; lastKnownFileType = text.xcconfig; name = "Pods-MBTechnicalChallengeTests.release.xcconfig"; path = "Pods/Target Support Files/Pods-MBTechnicalChallengeTests/Pods-MBTechnicalChallengeTests.release.xcconfig"; sourceTree = "<group>"; };
		4F584796FB206BC028416628 /* Pods_MBTechnicalChallenge.framework */ = {isa = PBXFileReference; explicitFileType = wrapper.framework; includeInIndex = 0; path = Pods_MBTechnicalChallenge.framework; sourceTree = BUILT_PRODUCTS_DIR; };
		637328B9317AF614D1486DAA /* Pods-MBTechnicalChallengeUITests.release.xcconfig */ = {isa = PBXFileReference; includeInIndex = 1; lastKnownFileType = text.xcconfig; name = "Pods-MBTechnicalChallengeUITests.release.xcconfig"; path = "Pods/Target Support Files/Pods-MBTechnicalChallengeUITests/Pods-MBTechnicalChallengeUITests.release.xcconfig"; sourceTree = "<group>"; };
		89D9784663DFF39B3F2B3C0E /* Pods-MBTechnicalChallenge.debug.xcconfig */ = {isa = PBXFileReference; includeInIndex = 1; lastKnownFileType = text.xcconfig; name = "Pods-MBTechnicalChallenge.debug.xcconfig"; path = "Pods/Target Support Files/Pods-MBTechnicalChallenge/Pods-MBTechnicalChallenge.debug.xcconfig"; sourceTree = "<group>"; };
		9C88C8CFD566A57995B1779A /* Pods-MBTechnicalChallengeUITests.debug.xcconfig */ = {isa = PBXFileReference; includeInIndex = 1; lastKnownFileType = text.xcconfig; name = "Pods-MBTechnicalChallengeUITests.debug.xcconfig"; path = "Pods/Target Support Files/Pods-MBTechnicalChallengeUITests/Pods-MBTechnicalChallengeUITests.debug.xcconfig"; sourceTree = "<group>"; };
		A10C58DF216971E7ACA962D0 /* Pods-MBTechnicalChallengeTests.debug.xcconfig */ = {isa = PBXFileReference; includeInIndex = 1; lastKnownFileType = text.xcconfig; name = "Pods-MBTechnicalChallengeTests.debug.xcconfig"; path = "Pods/Target Support Files/Pods-MBTechnicalChallengeTests/Pods-MBTechnicalChallengeTests.debug.xcconfig"; sourceTree = "<group>"; };
		D1F89560C0D568D8FB3ADF8A /* Pods-MBTechnicalChallenge.release.xcconfig */ = {isa = PBXFileReference; includeInIndex = 1; lastKnownFileType = text.xcconfig; name = "Pods-MBTechnicalChallenge.release.xcconfig"; path = "Pods/Target Support Files/Pods-MBTechnicalChallenge/Pods-MBTechnicalChallenge.release.xcconfig"; sourceTree = "<group>"; };
		FB553454701E449F140C971C /* Pods_MBTechnicalChallengeUITests.framework */ = {isa = PBXFileReference; explicitFileType = wrapper.framework; includeInIndex = 0; path = Pods_MBTechnicalChallengeUITests.framework; sourceTree = BUILT_PRODUCTS_DIR; };
/* End PBXFileReference section */

/* Begin PBXFrameworksBuildPhase section */
		0E33B41C20847645004CD13A /* Frameworks */ = {
			isa = PBXFrameworksBuildPhase;
			buildActionMask = 2147483647;
			files = (
				9DF64016DF544C16C34CA5D1 /* Pods_MBTechnicalChallenge.framework in Frameworks */,
			);
			runOnlyForDeploymentPostprocessing = 0;
		};
		0E33B43020847646004CD13A /* Frameworks */ = {
			isa = PBXFrameworksBuildPhase;
			buildActionMask = 2147483647;
			files = (
				E8FC3616D362642AF2E156D5 /* Pods_MBTechnicalChallengeTests.framework in Frameworks */,
			);
			runOnlyForDeploymentPostprocessing = 0;
		};
		0E33B43B20847646004CD13A /* Frameworks */ = {
			isa = PBXFrameworksBuildPhase;
			buildActionMask = 2147483647;
			files = (
				753F3D52AA222B1F3E012AE9 /* Pods_MBTechnicalChallengeUITests.framework in Frameworks */,
			);
			runOnlyForDeploymentPostprocessing = 0;
		};
/* End PBXFrameworksBuildPhase section */

/* Begin PBXGroup section */
		0E33B41620847645004CD13A = {
			isa = PBXGroup;
			children = (
				0E33B42120847645004CD13A /* MBTechnicalChallenge */,
				0E33B43620847646004CD13A /* MBTechnicalChallengeTests */,
				0E33B44120847646004CD13A /* MBTechnicalChallengeUITests */,
				0E33B42020847645004CD13A /* Products */,
				736FA79D1F419DE7511CB215 /* Pods */,
				E6A7E4F53552CE69D4D20800 /* Frameworks */,
			);
			sourceTree = "<group>";
		};
		0E33B42020847645004CD13A /* Products */ = {
			isa = PBXGroup;
			children = (
				0E33B41F20847645004CD13A /* MBTechnicalChallenge.app */,
				0E33B43320847646004CD13A /* MBTechnicalChallengeTests.xctest */,
				0E33B43E20847646004CD13A /* MBTechnicalChallengeUITests.xctest */,
			);
			name = Products;
			sourceTree = "<group>";
		};
		0E33B42120847645004CD13A /* MBTechnicalChallenge */ = {
			isa = PBXGroup;
			children = (
				0EDB88A92084814E009836DF /* Helpers */,
				0E33B4522084768E004CD13A /* Model */,
				0E33B4512084767D004CD13A /* View */,
				0E33B45020847653004CD13A /* Controller */,
				0E33B42220847645004CD13A /* AppDelegate.swift */,
				0E33B42B20847646004CD13A /* LaunchScreen.storyboard */,
				0E33B42920847646004CD13A /* Assets.xcassets */,
				0E33B42E20847646004CD13A /* Info.plist */,
			);
			path = MBTechnicalChallenge;
			sourceTree = "<group>";
		};
		0E33B43620847646004CD13A /* MBTechnicalChallengeTests */ = {
			isa = PBXGroup;
			children = (
				0E33B43720847646004CD13A /* MBTechnicalChallengeTests.swift */,
				0E33B43920847646004CD13A /* Info.plist */,
			);
			path = MBTechnicalChallengeTests;
			sourceTree = "<group>";
		};
		0E33B44120847646004CD13A /* MBTechnicalChallengeUITests */ = {
			isa = PBXGroup;
			children = (
				0E33B44220847646004CD13A /* MBTechnicalChallengeUITests.swift */,
				0E33B44420847646004CD13A /* Info.plist */,
			);
			path = MBTechnicalChallengeUITests;
			sourceTree = "<group>";
		};
		0E33B45020847653004CD13A /* Controller */ = {
			isa = PBXGroup;
			children = (
				0E33B42420847645004CD13A /* LoginViewController.swift */,
				0EDB889E20847CF6009836DF /* ProductsViewController.swift */,
			);
			path = Controller;
			sourceTree = "<group>";
		};
		0E33B4512084767D004CD13A /* View */ = {
			isa = PBXGroup;
			children = (
				0E33B42620847645004CD13A /* Main.storyboard */,
				0EDB88BC20848A36009836DF /* InvestorProductCell.swift */,
				0EDB88BD20848A36009836DF /* InvestorProductCell.xib */,
			);
			path = View;
			sourceTree = "<group>";
		};
		0E33B4522084768E004CD13A /* Model */ = {
			isa = PBXGroup;
			children = (
				0EDB88C22084909C009836DF /* MoneyBox */,
				0EDB88A320848067009836DF /* UserInformation.swift */,
				0EDB88A5208480A2009836DF /* User.swift */,
				0EDB88A7208480B3009836DF /* Session.swift */,
				0EDB88AC208482C7009836DF /* InvestorProducts.swift */,
				0EDB88AE20848309009836DF /* ProductElement.swift */,
				0EDB88B020848324009836DF /* ProductDetails.swift */,
				0EDB88CF2084E803009836DF /* Moneybox.swift */,
			);
			path = Model;
			sourceTree = "<group>";
		};
		0EDB88A92084814E009836DF /* Helpers */ = {
			isa = PBXGroup;
			children = (
				0EDB88AA20848158009836DF /* Extensions.swift */,
				0EDB88C120849081009836DF /* JSON */,
			);
			path = Helpers;
			sourceTree = "<group>";
		};
		0EDB88C120849081009836DF /* JSON */ = {
			isa = PBXGroup;
			children = (
				0EDB88B2208483CE009836DF /* JSONNull.swift */,
				0EDB88B4208483F2009836DF /* JSONCodingKey.swift */,
				0EDB88B620848417009836DF /* JSONAny.swift */,
			);
			path = JSON;
			sourceTree = "<group>";
		};
		0EDB88C22084909C009836DF /* MoneyBox */ = {
			isa = PBXGroup;
			children = (
				0EDB88C3208490BF009836DF /* MBClient.swift */,
				0EDB88C5208490D4009836DF /* MBConstants.swift */,
				0EDB88C92084C585009836DF /* MBConfiguration.swift */,
				0EDB88C7208490E2009836DF /* MBRouter.swift */,
			);
			path = MoneyBox;
			sourceTree = "<group>";
		};
		736FA79D1F419DE7511CB215 /* Pods */ = {
			isa = PBXGroup;
			children = (
				89D9784663DFF39B3F2B3C0E /* Pods-MBTechnicalChallenge.debug.xcconfig */,
				D1F89560C0D568D8FB3ADF8A /* Pods-MBTechnicalChallenge.release.xcconfig */,
				A10C58DF216971E7ACA962D0 /* Pods-MBTechnicalChallengeTests.debug.xcconfig */,
				33EEDE2570420F4AC7B1D84D /* Pods-MBTechnicalChallengeTests.release.xcconfig */,
				9C88C8CFD566A57995B1779A /* Pods-MBTechnicalChallengeUITests.debug.xcconfig */,
				637328B9317AF614D1486DAA /* Pods-MBTechnicalChallengeUITests.release.xcconfig */,
			);
			name = Pods;
			sourceTree = "<group>";
		};
		E6A7E4F53552CE69D4D20800 /* Frameworks */ = {
			isa = PBXGroup;
			children = (
				4F584796FB206BC028416628 /* Pods_MBTechnicalChallenge.framework */,
				080ECDA0AD9EB9E9A2A89E7F /* Pods_MBTechnicalChallengeTests.framework */,
				FB553454701E449F140C971C /* Pods_MBTechnicalChallengeUITests.framework */,
			);
			name = Frameworks;
			sourceTree = "<group>";
		};
/* End PBXGroup section */

/* Begin PBXNativeTarget section */
		0E33B41E20847645004CD13A /* MBTechnicalChallenge */ = {
			isa = PBXNativeTarget;
			buildConfigurationList = 0E33B44720847646004CD13A /* Build configuration list for PBXNativeTarget "MBTechnicalChallenge" */;
			buildPhases = (
				03211BC96047F2540D0E421D /* [CP] Check Pods Manifest.lock */,
				0E33B41B20847645004CD13A /* Sources */,
				0E33B41C20847645004CD13A /* Frameworks */,
				0E33B41D20847645004CD13A /* Resources */,
				4BB41D470D57656524A05B91 /* [CP] Embed Pods Frameworks */,
			);
			buildRules = (
			);
			dependencies = (
			);
			name = MBTechnicalChallenge;
			productName = MBTechnicalChallenge;
			productReference = 0E33B41F20847645004CD13A /* MBTechnicalChallenge.app */;
			productType = "com.apple.product-type.application";
		};
		0E33B43220847646004CD13A /* MBTechnicalChallengeTests */ = {
			isa = PBXNativeTarget;
			buildConfigurationList = 0E33B44A20847646004CD13A /* Build configuration list for PBXNativeTarget "MBTechnicalChallengeTests" */;
			buildPhases = (
				38B032005CB3991DBE71913E /* [CP] Check Pods Manifest.lock */,
				0E33B42F20847646004CD13A /* Sources */,
				0E33B43020847646004CD13A /* Frameworks */,
				0E33B43120847646004CD13A /* Resources */,
			);
			buildRules = (
			);
			dependencies = (
				0E33B43520847646004CD13A /* PBXTargetDependency */,
			);
			name = MBTechnicalChallengeTests;
			productName = MBTechnicalChallengeTests;
			productReference = 0E33B43320847646004CD13A /* MBTechnicalChallengeTests.xctest */;
			productType = "com.apple.product-type.bundle.unit-test";
		};
		0E33B43D20847646004CD13A /* MBTechnicalChallengeUITests */ = {
			isa = PBXNativeTarget;
			buildConfigurationList = 0E33B44D20847646004CD13A /* Build configuration list for PBXNativeTarget "MBTechnicalChallengeUITests" */;
			buildPhases = (
				15E6D46E53371114DF1AA4B5 /* [CP] Check Pods Manifest.lock */,
				0E33B43A20847646004CD13A /* Sources */,
				0E33B43B20847646004CD13A /* Frameworks */,
				0E33B43C20847646004CD13A /* Resources */,
			);
			buildRules = (
			);
			dependencies = (
				0E33B44020847646004CD13A /* PBXTargetDependency */,
			);
			name = MBTechnicalChallengeUITests;
			productName = MBTechnicalChallengeUITests;
			productReference = 0E33B43E20847646004CD13A /* MBTechnicalChallengeUITests.xctest */;
			productType = "com.apple.product-type.bundle.ui-testing";
		};
/* End PBXNativeTarget section */

/* Begin PBXProject section */
		0E33B41720847645004CD13A /* Project object */ = {
			isa = PBXProject;
			attributes = {
				LastSwiftUpdateCheck = 0930;
				LastUpgradeCheck = 0930;
				ORGANIZATIONNAME = abishek;
				TargetAttributes = {
					0E33B41E20847645004CD13A = {
						CreatedOnToolsVersion = 9.3;
					};
					0E33B43220847646004CD13A = {
						CreatedOnToolsVersion = 9.3;
						TestTargetID = 0E33B41E20847645004CD13A;
					};
					0E33B43D20847646004CD13A = {
						CreatedOnToolsVersion = 9.3;
						TestTargetID = 0E33B41E20847645004CD13A;
					};
				};
			};
			buildConfigurationList = 0E33B41A20847645004CD13A /* Build configuration list for PBXProject "MBTechnicalChallenge" */;
			compatibilityVersion = "Xcode 9.3";
			developmentRegion = en;
			hasScannedForEncodings = 0;
			knownRegions = (
				en,
				Base,
			);
			mainGroup = 0E33B41620847645004CD13A;
			productRefGroup = 0E33B42020847645004CD13A /* Products */;
			projectDirPath = "";
			projectRoot = "";
			targets = (
				0E33B41E20847645004CD13A /* MBTechnicalChallenge */,
				0E33B43220847646004CD13A /* MBTechnicalChallengeTests */,
				0E33B43D20847646004CD13A /* MBTechnicalChallengeUITests */,
			);
		};
/* End PBXProject section */

/* Begin PBXResourcesBuildPhase section */
		0E33B41D20847645004CD13A /* Resources */ = {
			isa = PBXResourcesBuildPhase;
			buildActionMask = 2147483647;
			files = (
				0E33B42D20847646004CD13A /* LaunchScreen.storyboard in Resources */,
				0E33B42A20847646004CD13A /* Assets.xcassets in Resources */,
				0E33B42820847645004CD13A /* Main.storyboard in Resources */,
				0EDB88BF20848A36009836DF /* InvestorProductCell.xib in Resources */,
			);
			runOnlyForDeploymentPostprocessing = 0;
		};
		0E33B43120847646004CD13A /* Resources */ = {
			isa = PBXResourcesBuildPhase;
			buildActionMask = 2147483647;
			files = (
			);
			runOnlyForDeploymentPostprocessing = 0;
		};
		0E33B43C20847646004CD13A /* Resources */ = {
			isa = PBXResourcesBuildPhase;
			buildActionMask = 2147483647;
			files = (
			);
			runOnlyForDeploymentPostprocessing = 0;
		};
/* End PBXResourcesBuildPhase section */

/* Begin PBXShellScriptBuildPhase section */
		03211BC96047F2540D0E421D /* [CP] Check Pods Manifest.lock */ = {
			isa = PBXShellScriptBuildPhase;
			buildActionMask = 2147483647;
			files = (
			);
			inputPaths = (
				"${PODS_PODFILE_DIR_PATH}/Podfile.lock",
				"${PODS_ROOT}/Manifest.lock",
			);
			name = "[CP] Check Pods Manifest.lock";
			outputPaths = (
				"$(DERIVED_FILE_DIR)/Pods-MBTechnicalChallenge-checkManifestLockResult.txt",
			);
			runOnlyForDeploymentPostprocessing = 0;
			shellPath = /bin/sh;
			shellScript = "diff \"${PODS_PODFILE_DIR_PATH}/Podfile.lock\" \"${PODS_ROOT}/Manifest.lock\" > /dev/null\nif [ $? != 0 ] ; then\n    # print error to STDERR\n    echo \"error: The sandbox is not in sync with the Podfile.lock. Run 'pod install' or update your CocoaPods installation.\" >&2\n    exit 1\nfi\n# This output is used by Xcode 'outputs' to avoid re-running this script phase.\necho \"SUCCESS\" > \"${SCRIPT_OUTPUT_FILE_0}\"\n";
			showEnvVarsInLog = 0;
		};
		15E6D46E53371114DF1AA4B5 /* [CP] Check Pods Manifest.lock */ = {
			isa = PBXShellScriptBuildPhase;
			buildActionMask = 2147483647;
			files = (
			);
			inputPaths = (
				"${PODS_PODFILE_DIR_PATH}/Podfile.lock",
				"${PODS_ROOT}/Manifest.lock",
			);
			name = "[CP] Check Pods Manifest.lock";
			outputPaths = (
				"$(DERIVED_FILE_DIR)/Pods-MBTechnicalChallengeUITests-checkManifestLockResult.txt",
			);
			runOnlyForDeploymentPostprocessing = 0;
			shellPath = /bin/sh;
			shellScript = "diff \"${PODS_PODFILE_DIR_PATH}/Podfile.lock\" \"${PODS_ROOT}/Manifest.lock\" > /dev/null\nif [ $? != 0 ] ; then\n    # print error to STDERR\n    echo \"error: The sandbox is not in sync with the Podfile.lock. Run 'pod install' or update your CocoaPods installation.\" >&2\n    exit 1\nfi\n# This output is used by Xcode 'outputs' to avoid re-running this script phase.\necho \"SUCCESS\" > \"${SCRIPT_OUTPUT_FILE_0}\"\n";
			showEnvVarsInLog = 0;
		};
		38B032005CB3991DBE71913E /* [CP] Check Pods Manifest.lock */ = {
			isa = PBXShellScriptBuildPhase;
			buildActionMask = 2147483647;
			files = (
			);
			inputPaths = (
				"${PODS_PODFILE_DIR_PATH}/Podfile.lock",
				"${PODS_ROOT}/Manifest.lock",
			);
			name = "[CP] Check Pods Manifest.lock";
			outputPaths = (
				"$(DERIVED_FILE_DIR)/Pods-MBTechnicalChallengeTests-checkManifestLockResult.txt",
			);
			runOnlyForDeploymentPostprocessing = 0;
			shellPath = /bin/sh;
			shellScript = "diff \"${PODS_PODFILE_DIR_PATH}/Podfile.lock\" \"${PODS_ROOT}/Manifest.lock\" > /dev/null\nif [ $? != 0 ] ; then\n    # print error to STDERR\n    echo \"error: The sandbox is not in sync with the Podfile.lock. Run 'pod install' or update your CocoaPods installation.\" >&2\n    exit 1\nfi\n# This output is used by Xcode 'outputs' to avoid re-running this script phase.\necho \"SUCCESS\" > \"${SCRIPT_OUTPUT_FILE_0}\"\n";
			showEnvVarsInLog = 0;
		};
		4BB41D470D57656524A05B91 /* [CP] Embed Pods Frameworks */ = {
			isa = PBXShellScriptBuildPhase;
			buildActionMask = 2147483647;
			files = (
			);
			inputPaths = (
				"${SRCROOT}/Pods/Target Support Files/Pods-MBTechnicalChallenge/Pods-MBTechnicalChallenge-frameworks.sh",
				"${BUILT_PRODUCTS_DIR}/Alamofire/Alamofire.framework",
			);
			name = "[CP] Embed Pods Frameworks";
			outputPaths = (
				"${TARGET_BUILD_DIR}/${FRAMEWORKS_FOLDER_PATH}/Alamofire.framework",
			);
			runOnlyForDeploymentPostprocessing = 0;
			shellPath = /bin/sh;
			shellScript = "\"${SRCROOT}/Pods/Target Support Files/Pods-MBTechnicalChallenge/Pods-MBTechnicalChallenge-frameworks.sh\"\n";
			showEnvVarsInLog = 0;
		};
/* End PBXShellScriptBuildPhase section */

/* Begin PBXSourcesBuildPhase section */
		0E33B41B20847645004CD13A /* Sources */ = {
			isa = PBXSourcesBuildPhase;
			buildActionMask = 2147483647;
			files = (
				0EDB88AF20848309009836DF /* ProductElement.swift in Sources */,
				0EDB88B5208483F2009836DF /* JSONCodingKey.swift in Sources */,
				0EDB88B720848417009836DF /* JSONAny.swift in Sources */,
				0EDB88CA2084C585009836DF /* MBConfiguration.swift in Sources */,
				0EDB88D02084E803009836DF /* Moneybox.swift in Sources */,
				0EDB88A8208480B3009836DF /* Session.swift in Sources */,
				0EDB88A420848067009836DF /* UserInformation.swift in Sources */,
				0EDB88AB20848158009836DF /* Extensions.swift in Sources */,
				0EDB88A6208480A2009836DF /* User.swift in Sources */,
				0EDB88B3208483CE009836DF /* JSONNull.swift in Sources */,
				0EDB88C6208490D4009836DF /* MBConstants.swift in Sources */,
				0EDB889F20847CF6009836DF /* ProductsViewController.swift in Sources */,
				0E33B42520847645004CD13A /* LoginViewController.swift in Sources */,
				0E33B42320847645004CD13A /* AppDelegate.swift in Sources */,
				0EDB88C8208490E2009836DF /* MBRouter.swift in Sources */,
				0EDB88B120848324009836DF /* ProductDetails.swift in Sources */,
				0EDB88AD208482C7009836DF /* InvestorProducts.swift in Sources */,
				0EDB88BE20848A36009836DF /* InvestorProductCell.swift in Sources */,
				0EDB88C4208490BF009836DF /* MBClient.swift in Sources */,
			);
			runOnlyForDeploymentPostprocessing = 0;
		};
		0E33B42F20847646004CD13A /* Sources */ = {
			isa = PBXSourcesBuildPhase;
			buildActionMask = 2147483647;
			files = (
				0E33B43820847646004CD13A /* MBTechnicalChallengeTests.swift in Sources */,
			);
			runOnlyForDeploymentPostprocessing = 0;
		};
		0E33B43A20847646004CD13A /* Sources */ = {
			isa = PBXSourcesBuildPhase;
			buildActionMask = 2147483647;
			files = (
				0E33B44320847646004CD13A /* MBTechnicalChallengeUITests.swift in Sources */,
			);
			runOnlyForDeploymentPostprocessing = 0;
		};
/* End PBXSourcesBuildPhase section */

/* Begin PBXTargetDependency section */
		0E33B43520847646004CD13A /* PBXTargetDependency */ = {
			isa = PBXTargetDependency;
			target = 0E33B41E20847645004CD13A /* MBTechnicalChallenge */;
			targetProxy = 0E33B43420847646004CD13A /* PBXContainerItemProxy */;
		};
		0E33B44020847646004CD13A /* PBXTargetDependency */ = {
			isa = PBXTargetDependency;
			target = 0E33B41E20847645004CD13A /* MBTechnicalChallenge */;
			targetProxy = 0E33B43F20847646004CD13A /* PBXContainerItemProxy */;
		};
/* End PBXTargetDependency section */

/* Begin PBXVariantGroup section */
		0E33B42620847645004CD13A /* Main.storyboard */ = {
			isa = PBXVariantGroup;
			children = (
				0E33B42720847645004CD13A /* Base */,
			);
			name = Main.storyboard;
			sourceTree = "<group>";
		};
		0E33B42B20847646004CD13A /* LaunchScreen.storyboard */ = {
			isa = PBXVariantGroup;
			children = (
				0E33B42C20847646004CD13A /* Base */,
			);
			name = LaunchScreen.storyboard;
			sourceTree = "<group>";
		};
/* End PBXVariantGroup section */

/* Begin XCBuildConfiguration section */
		0E33B44520847646004CD13A /* Debug */ = {
			isa = XCBuildConfiguration;
			buildSettings = {
				ALWAYS_SEARCH_USER_PATHS = NO;
				CLANG_ANALYZER_NONNULL = YES;
				CLANG_ANALYZER_NUMBER_OBJECT_CONVERSION = YES_AGGRESSIVE;
				CLANG_CXX_LANGUAGE_STANDARD = "gnu++14";
				CLANG_CXX_LIBRARY = "libc++";
				CLANG_ENABLE_MODULES = YES;
				CLANG_ENABLE_OBJC_ARC = YES;
				CLANG_ENABLE_OBJC_WEAK = YES;
				CLANG_WARN_BLOCK_CAPTURE_AUTORELEASING = YES;
				CLANG_WARN_BOOL_CONVERSION = YES;
				CLANG_WARN_COMMA = YES;
				CLANG_WARN_CONSTANT_CONVERSION = YES;
				CLANG_WARN_DEPRECATED_OBJC_IMPLEMENTATIONS = YES;
				CLANG_WARN_DIRECT_OBJC_ISA_USAGE = YES_ERROR;
				CLANG_WARN_DOCUMENTATION_COMMENTS = YES;
				CLANG_WARN_EMPTY_BODY = YES;
				CLANG_WARN_ENUM_CONVERSION = YES;
				CLANG_WARN_INFINITE_RECURSION = YES;
				CLANG_WARN_INT_CONVERSION = YES;
				CLANG_WARN_NON_LITERAL_NULL_CONVERSION = YES;
				CLANG_WARN_OBJC_IMPLICIT_RETAIN_SELF = YES;
				CLANG_WARN_OBJC_LITERAL_CONVERSION = YES;
				CLANG_WARN_OBJC_ROOT_CLASS = YES_ERROR;
				CLANG_WARN_RANGE_LOOP_ANALYSIS = YES;
				CLANG_WARN_STRICT_PROTOTYPES = YES;
				CLANG_WARN_SUSPICIOUS_MOVE = YES;
				CLANG_WARN_UNGUARDED_AVAILABILITY = YES_AGGRESSIVE;
				CLANG_WARN_UNREACHABLE_CODE = YES;
				CLANG_WARN__DUPLICATE_METHOD_MATCH = YES;
				CODE_SIGN_IDENTITY = "iPhone Developer";
				COPY_PHASE_STRIP = NO;
				DEBUG_INFORMATION_FORMAT = dwarf;
				ENABLE_STRICT_OBJC_MSGSEND = YES;
				ENABLE_TESTABILITY = YES;
				GCC_C_LANGUAGE_STANDARD = gnu11;
				GCC_DYNAMIC_NO_PIC = NO;
				GCC_NO_COMMON_BLOCKS = YES;
				GCC_OPTIMIZATION_LEVEL = 0;
				GCC_PREPROCESSOR_DEFINITIONS = (
					"DEBUG=1",
					"$(inherited)",
				);
				GCC_WARN_64_TO_32_BIT_CONVERSION = YES;
				GCC_WARN_ABOUT_RETURN_TYPE = YES_ERROR;
				GCC_WARN_UNDECLARED_SELECTOR = YES;
				GCC_WARN_UNINITIALIZED_AUTOS = YES_AGGRESSIVE;
				GCC_WARN_UNUSED_FUNCTION = YES;
				GCC_WARN_UNUSED_VARIABLE = YES;
				IPHONEOS_DEPLOYMENT_TARGET = 11.3;
				MTL_ENABLE_DEBUG_INFO = YES;
				ONLY_ACTIVE_ARCH = YES;
				SDKROOT = iphoneos;
				SWIFT_ACTIVE_COMPILATION_CONDITIONS = DEBUG;
				SWIFT_OPTIMIZATION_LEVEL = "-Onone";
			};
			name = Debug;
		};
		0E33B44620847646004CD13A /* Release */ = {
			isa = XCBuildConfiguration;
			buildSettings = {
				ALWAYS_SEARCH_USER_PATHS = NO;
				CLANG_ANALYZER_NONNULL = YES;
				CLANG_ANALYZER_NUMBER_OBJECT_CONVERSION = YES_AGGRESSIVE;
				CLANG_CXX_LANGUAGE_STANDARD = "gnu++14";
				CLANG_CXX_LIBRARY = "libc++";
				CLANG_ENABLE_MODULES = YES;
				CLANG_ENABLE_OBJC_ARC = YES;
				CLANG_ENABLE_OBJC_WEAK = YES;
				CLANG_WARN_BLOCK_CAPTURE_AUTORELEASING = YES;
				CLANG_WARN_BOOL_CONVERSION = YES;
				CLANG_WARN_COMMA = YES;
				CLANG_WARN_CONSTANT_CONVERSION = YES;
				CLANG_WARN_DEPRECATED_OBJC_IMPLEMENTATIONS = YES;
				CLANG_WARN_DIRECT_OBJC_ISA_USAGE = YES_ERROR;
				CLANG_WARN_DOCUMENTATION_COMMENTS = YES;
				CLANG_WARN_EMPTY_BODY = YES;
				CLANG_WARN_ENUM_CONVERSION = YES;
				CLANG_WARN_INFINITE_RECURSION = YES;
				CLANG_WARN_INT_CONVERSION = YES;
				CLANG_WARN_NON_LITERAL_NULL_CONVERSION = YES;
				CLANG_WARN_OBJC_IMPLICIT_RETAIN_SELF = YES;
				CLANG_WARN_OBJC_LITERAL_CONVERSION = YES;
				CLANG_WARN_OBJC_ROOT_CLASS = YES_ERROR;
				CLANG_WARN_RANGE_LOOP_ANALYSIS = YES;
				CLANG_WARN_STRICT_PROTOTYPES = YES;
				CLANG_WARN_SUSPICIOUS_MOVE = YES;
				CLANG_WARN_UNGUARDED_AVAILABILITY = YES_AGGRESSIVE;
				CLANG_WARN_UNREACHABLE_CODE = YES;
				CLANG_WARN__DUPLICATE_METHOD_MATCH = YES;
				CODE_SIGN_IDENTITY = "iPhone Developer";
				COPY_PHASE_STRIP = NO;
				DEBUG_INFORMATION_FORMAT = "dwarf-with-dsym";
				ENABLE_NS_ASSERTIONS = NO;
				ENABLE_STRICT_OBJC_MSGSEND = YES;
				GCC_C_LANGUAGE_STANDARD = gnu11;
				GCC_NO_COMMON_BLOCKS = YES;
				GCC_WARN_64_TO_32_BIT_CONVERSION = YES;
				GCC_WARN_ABOUT_RETURN_TYPE = YES_ERROR;
				GCC_WARN_UNDECLARED_SELECTOR = YES;
				GCC_WARN_UNINITIALIZED_AUTOS = YES_AGGRESSIVE;
				GCC_WARN_UNUSED_FUNCTION = YES;
				GCC_WARN_UNUSED_VARIABLE = YES;
				IPHONEOS_DEPLOYMENT_TARGET = 11.3;
				MTL_ENABLE_DEBUG_INFO = NO;
				SDKROOT = iphoneos;
				SWIFT_COMPILATION_MODE = wholemodule;
				SWIFT_OPTIMIZATION_LEVEL = "-O";
				VALIDATE_PRODUCT = YES;
			};
			name = Release;
		};
		0E33B44820847646004CD13A /* Debug */ = {
			isa = XCBuildConfiguration;
			baseConfigurationReference = 89D9784663DFF39B3F2B3C0E /* Pods-MBTechnicalChallenge.debug.xcconfig */;
			buildSettings = {
				ASSETCATALOG_COMPILER_APPICON_NAME = AppIcon;
				CODE_SIGN_STYLE = Automatic;
				DEVELOPMENT_TEAM = FA6GRKR3YD;
				INFOPLIST_FILE = MBTechnicalChallenge/Info.plist;
				LD_RUNPATH_SEARCH_PATHS = (
					"$(inherited)",
					"@executable_path/Frameworks",
				);
				PRODUCT_BUNDLE_IDENTIFIER = com.abishek.MBTechnicalChallenge;
				PRODUCT_NAME = "$(TARGET_NAME)";
				SWIFT_VERSION = 4.0;
				TARGETED_DEVICE_FAMILY = "1,2";
			};
			name = Debug;
		};
		0E33B44920847646004CD13A /* Release */ = {
			isa = XCBuildConfiguration;
			baseConfigurationReference = D1F89560C0D568D8FB3ADF8A /* Pods-MBTechnicalChallenge.release.xcconfig */;
			buildSettings = {
				ASSETCATALOG_COMPILER_APPICON_NAME = AppIcon;
				CODE_SIGN_STYLE = Automatic;
				DEVELOPMENT_TEAM = FA6GRKR3YD;
				INFOPLIST_FILE = MBTechnicalChallenge/Info.plist;
				LD_RUNPATH_SEARCH_PATHS = (
					"$(inherited)",
					"@executable_path/Frameworks",
				);
				PRODUCT_BUNDLE_IDENTIFIER = com.abishek.MBTechnicalChallenge;
				PRODUCT_NAME = "$(TARGET_NAME)";
				SWIFT_VERSION = 4.0;
				TARGETED_DEVICE_FAMILY = "1,2";
			};
			name = Release;
		};
		0E33B44B20847646004CD13A /* Debug */ = {
			isa = XCBuildConfiguration;
			baseConfigurationReference = A10C58DF216971E7ACA962D0 /* Pods-MBTechnicalChallengeTests.debug.xcconfig */;
			buildSettings = {
				ALWAYS_EMBED_SWIFT_STANDARD_LIBRARIES = YES;
				BUNDLE_LOADER = "$(TEST_HOST)";
				CODE_SIGN_STYLE = Automatic;
				DEVELOPMENT_TEAM = Y7NDW2JGRY;
				INFOPLIST_FILE = MBTechnicalChallengeTests/Info.plist;
				LD_RUNPATH_SEARCH_PATHS = (
					"$(inherited)",
					"@executable_path/Frameworks",
					"@loader_path/Frameworks",
				);
				PRODUCT_BUNDLE_IDENTIFIER = com.abishek.MBTechnicalChallengeTests;
				PRODUCT_NAME = "$(TARGET_NAME)";
				SWIFT_VERSION = 4.0;
				TARGETED_DEVICE_FAMILY = "1,2";
				TEST_HOST = "$(BUILT_PRODUCTS_DIR)/MBTechnicalChallenge.app/MBTechnicalChallenge";
			};
			name = Debug;
		};
		0E33B44C20847646004CD13A /* Release */ = {
			isa = XCBuildConfiguration;
			baseConfigurationReference = 33EEDE2570420F4AC7B1D84D /* Pods-MBTechnicalChallengeTests.release.xcconfig */;
			buildSettings = {
				ALWAYS_EMBED_SWIFT_STANDARD_LIBRARIES = YES;
				BUNDLE_LOADER = "$(TEST_HOST)";
				CODE_SIGN_STYLE = Automatic;
				DEVELOPMENT_TEAM = Y7NDW2JGRY;
				INFOPLIST_FILE = MBTechnicalChallengeTests/Info.plist;
				LD_RUNPATH_SEARCH_PATHS = (
					"$(inherited)",
					"@executable_path/Frameworks",
					"@loader_path/Frameworks",
				);
				PRODUCT_BUNDLE_IDENTIFIER = com.abishek.MBTechnicalChallengeTests;
				PRODUCT_NAME = "$(TARGET_NAME)";
				SWIFT_VERSION = 4.0;
				TARGETED_DEVICE_FAMILY = "1,2";
				TEST_HOST = "$(BUILT_PRODUCTS_DIR)/MBTechnicalChallenge.app/MBTechnicalChallenge";
			};
			name = Release;
		};
		0E33B44E20847646004CD13A /* Debug */ = {
			isa = XCBuildConfiguration;
			baseConfigurationReference = 9C88C8CFD566A57995B1779A /* Pods-MBTechnicalChallengeUITests.debug.xcconfig */;
			buildSettings = {
				ALWAYS_EMBED_SWIFT_STANDARD_LIBRARIES = YES;
				CODE_SIGN_STYLE = Automatic;
				DEVELOPMENT_TEAM = Y7NDW2JGRY;
				INFOPLIST_FILE = MBTechnicalChallengeUITests/Info.plist;
				LD_RUNPATH_SEARCH_PATHS = (
					"$(inherited)",
					"@executable_path/Frameworks",
					"@loader_path/Frameworks",
				);
				PRODUCT_BUNDLE_IDENTIFIER = com.abishek.MBTechnicalChallengeUITests;
				PRODUCT_NAME = "$(TARGET_NAME)";
				SWIFT_VERSION = 4.0;
				TARGETED_DEVICE_FAMILY = "1,2";
				TEST_TARGET_NAME = MBTechnicalChallenge;
			};
			name = Debug;
		};
		0E33B44F20847646004CD13A /* Release */ = {
			isa = XCBuildConfiguration;
			baseConfigurationReference = 637328B9317AF614D1486DAA /* Pods-MBTechnicalChallengeUITests.release.xcconfig */;
			buildSettings = {
				ALWAYS_EMBED_SWIFT_STANDARD_LIBRARIES = YES;
				CODE_SIGN_STYLE = Automatic;
				DEVELOPMENT_TEAM = Y7NDW2JGRY;
				INFOPLIST_FILE = MBTechnicalChallengeUITests/Info.plist;
				LD_RUNPATH_SEARCH_PATHS = (
					"$(inherited)",
					"@executable_path/Frameworks",
					"@loader_path/Frameworks",
				);
				PRODUCT_BUNDLE_IDENTIFIER = com.abishek.MBTechnicalChallengeUITests;
				PRODUCT_NAME = "$(TARGET_NAME)";
				SWIFT_VERSION = 4.0;
				TARGETED_DEVICE_FAMILY = "1,2";
				TEST_TARGET_NAME = MBTechnicalChallenge;
			};
			name = Release;
		};
/* End XCBuildConfiguration section */

/* Begin XCConfigurationList section */
		0E33B41A20847645004CD13A /* Build configuration list for PBXProject "MBTechnicalChallenge" */ = {
			isa = XCConfigurationList;
			buildConfigurations = (
				0E33B44520847646004CD13A /* Debug */,
				0E33B44620847646004CD13A /* Release */,
			);
			defaultConfigurationIsVisible = 0;
			defaultConfigurationName = Release;
		};
		0E33B44720847646004CD13A /* Build configuration list for PBXNativeTarget "MBTechnicalChallenge" */ = {
			isa = XCConfigurationList;
			buildConfigurations = (
				0E33B44820847646004CD13A /* Debug */,
				0E33B44920847646004CD13A /* Release */,
			);
			defaultConfigurationIsVisible = 0;
			defaultConfigurationName = Release;
		};
		0E33B44A20847646004CD13A /* Build configuration list for PBXNativeTarget "MBTechnicalChallengeTests" */ = {
			isa = XCConfigurationList;
			buildConfigurations = (
				0E33B44B20847646004CD13A /* Debug */,
				0E33B44C20847646004CD13A /* Release */,
			);
			defaultConfigurationIsVisible = 0;
			defaultConfigurationName = Release;
		};
		0E33B44D20847646004CD13A /* Build configuration list for PBXNativeTarget "MBTechnicalChallengeUITests" */ = {
			isa = XCConfigurationList;
			buildConfigurations = (
				0E33B44E20847646004CD13A /* Debug */,
				0E33B44F20847646004CD13A /* Release */,
			);
			defaultConfigurationIsVisible = 0;
			defaultConfigurationName = Release;
		};
/* End XCConfigurationList section */
	};
	rootObject = 0E33B41720847645004CD13A /* Project object */;
}
